version = 1
revision = 3
requires-python = ">=3.12"
resolution-markers = [
    "python_full_version >= '3.14' and sys_platform == 'win32'",
    "python_full_version == '3.13.*' and sys_platform == 'win32'",
    "python_full_version < '3.13' and sys_platform == 'win32'",
]
supported-markers = [
    "sys_platform == 'win32'",
]

[[package]]
name = "av"
version = "18.1.0"
source = { registry = "https://pypi.org/simple" }
sdist = { url = "https://files.pythonhosted.org/packages/8d/f4/f22114d30d3435e38c6af2b4870f37b864403dca6ae7af747a289ce0a18e/av-18.1.0.tar.gz", hash = "sha256:47bfc286e1bc9de7ab4681fc2b575cd2460a66919d31ffe1bd5aa54fae531a28", size = 4451061, upload-time = "2026-08-12T22:28:18.761Z" }
wheels = [
    { url = "https://files.pythonhosted.org/packages/33/b4/76ba21e46704f632004276b85289a1582e95f5eff760436d6149875a1881/av-18.1.0-cp311-abi3-win_amd64.whl", hash = "sha256:ea1480b7a8d5405cb5f382b344731bf125fd2c1c6fae3964f6c48595628387ff", size = 27595679, upload-time = "2026-08-12T22:27:35.177Z" },
    { url = "https://files.pythonhosted.org/packages/4f/ad/a3135884c5753b09773176b97201ae602f67ad14206c395ff838d66bf9b0/av-18.1.0-cp311-abi3-win_arm64.whl", hash = "sha256:5509ec12aaa19fd6601de13cfa6f4cdad450da07982118510592875d970454d6", size = 20257584, upload-time = "2026-08-12T22:27:38.472Z" },
    { url = "https://files.pythonhosted.org/packages/d6/d6/bc4b95bea9c2353a7e4d62a3fcfad9adcf0f881741c6ce01ee179d539ce3/av-18.1.0-cp314-cp314t-win_amd64.whl", hash = "sha256:e4d48b9f12cad009cc72fe4f4099107de5e819c95f82767f4fd01a01481c0661", size = 28497798, upload-time = "2026-08-12T22:28:13.003Z" },
    { url = "https://files.pythonhosted.org/packages/c1/d2/0c277a46f12647c1833f40496e132fb6001e0d19e6144b5ea30896461feb/av-18.1.0-cp314-cp314t-win_arm64.whl", hash = "sha256:5cd9085028902c9880622bd37a12fd4b33060f06a52311f6f4867ca9f29a2c3b", size = 21421979, upload-time = "2026-08-12T22:28:16.48Z" },
]

[[package]]
name = "dlss5ve"
source = { editable = "." }
dependencies = [
    { name = "av", marker = "sys_platform == 'win32'" },
    { name = "numpy", marker = "sys_platform == 'win32'" },
    { name = "opencv-python-headless", marker = "sys_platform == 'win32'" },
    { name = "pillow", marker = "sys_platform == 'win32'" },
]

[package.optional-dependencies]
desktop = [
    { name = "pillow-heif", marker = "sys_platform == 'win32'" },
    { name = "pyside6", marker = "sys_platform == 'win32'" },
    { name = "rawpy", marker = "sys_platform == 'win32'" },
    { name = "resvg-py", marker = "sys_platform == 'win32'" },
]
image = [
    { name = "pillow-heif", marker = "sys_platform == 'win32'" },
    { name = "rawpy", marker = "sys_platform == 'win32'" },
    { name = "resvg-py", marker = "sys_platform == 'win32'" },
]

[package.metadata]
requires-dist = [
    { name = "av", specifier = ">=18.1" },
    { name = "dlss5ve", extras = ["image"], marker = "extra == 'desktop'" },
    { name = "numpy", specifier = ">=2.0" },
    { name = "opencv-python-headless", specifier = ">=4.10" },
    { name = "pillow", specifier = ">=11" },
    { name = "pillow-heif", marker = "extra == 'image'", specifier = ">=1.0" },
    { name = "pyside6", marker = "extra == 'desktop'", specifier = ">=6.11" },
    { name = "rawpy", marker = "extra == 'image'", specifier = ">=0.25" },
    { name = "resvg-py", marker = "extra == 'image'", specifier = ">=0.5" },
]
provides-extras = ["image", "desktop"]

[[package]]
name = "numpy"
version = "2.5.2"
source = { registry = "https://pypi.org/simple" }
sdist = { url = "https://files.pythonhosted.org/packages/9a/80/db0b4559e57ec36362bedbb05530a87fafbcb6067708c946967a41d449e7/numpy-2.5.2.tar.gz", hash = "sha256:d482d171c406ae88c5b19cad3b6a1c4c5209f886ab74bc44c2c865c23f52d860", size = 20773161, upload-time = "2026-08-09T13:48:27.962Z" }
wheels = [
    { url = "https://files.pythonhosted.org/packages/36/33/29208b8b075bde62d26a81d14b358c42b0f69b6cabd98d4ff97f37f22b05/numpy-2.5.2-cp312-cp312-win32.whl", hash = "sha256:d6a48072864e3324e194a8fbb3c657bcc5b5c869dbc64c9537b1d5c862572c0a", size = 6072817, upload-time = "2026-08-09T13:45:17.867Z" },
    { url = "https://files.pythonhosted.org/packages/7f/b9/87fea2769fe1c47c1b5b01d8310772c9d1a85d485de7cf386ef7a3332b02/numpy-2.5.2-cp312-cp312-win_amd64.whl", hash = "sha256:28ac63476ec7651484215ee7fa15a1f78b57c14621f01e392afe17b9a1390ce4", size = 12464674, upload-time = "2026-08-09T13:45:20.734Z" },
    { url = "https://files.pythonhosted.org/packages/14/52/032b97e00461ab0809bbe4c588b035620e5a14b8cdee47ecddefc7b17d33/numpy-2.5.2-cp312-cp312-win_arm64.whl", hash = "sha256:27650bb0e7140fa3d37b9923b4803645e0b125d190f326eecfd3f4dad8e8ade1", size = 10397131, upload-time = "2026-08-09T13:45:23.73Z" },
    { url = "https://files.pythonhosted.org/packages/eb/ae/ad6645abc7a3510fe48e8ea1ab4598166f500057ef4ebf38bfad4f1577de/numpy-2.5.2-cp313-cp313-win32.whl", hash = "sha256:4f9744f9fbdcea0bc552e8f19e1f141f811a3f9bc2be2cc6e86d982cab23e3f4", size = 6070204, upload-time = "2026-08-09T13:45:54.111Z" },
    { url = "https://files.pythonhosted.org/packages/15/20/f3489f86d81ea460b2bcdceaed094142ca6579f6be0ec527b781d39afe68/numpy-2.5.2-cp313-cp313-win_amd64.whl", hash = "sha256:85aaccb24182c25df891ad0ec333585967e115269d5f1b17f2c9ae005bc96657", size = 12460532, upload-time = "2026-08-09T13:45:57.167Z" },
    { url = "https://files.pythonhosted.org/packages/d5/21/35b31dde1b283b79de828b80f876afd8c94e28fe1e9c375f89e261cc4c0d/numpy-2.5.2-cp313-cp313-win_arm64.whl", hash = "sha256:bd68ece1553d2023c09a4226d9e41c586ad2d20594d1a456186c33513d2cb3f2", size = 10396725, upload-time = "2026-08-09T13:46:00.478Z" },
    { url = "https://files.pythonhosted.org/packages/56/5e/0c577ca308d6da5eb79b546ba10bbe5b60148192194e2da060913b1de4f1/numpy-2.5.2-cp314-cp314-win32.whl", hash = "sha256:2cc779226e476d1e1f08c74068c419e60f41a9e0e069c92f6671d31d5c985e98", size = 6121028, upload-time = "2026-08-09T13:46:30.046Z" },
    { url = "https://files.pythonhosted.org/packages/15/5c/7bcbd5b11f94199073320410cddcbb80cee62415bfeb540874b265c2d922/numpy-2.5.2-cp314-cp314-win_amd64.whl", hash = "sha256:7587f53dfbd5edc0f7b87c6217b4c6d2d1f2ef9c3da70bc1315e7db5f8d7ec9d", size = 12597627, upload-time = "2026-08-09T13:46:32.886Z" },
    { url = "https://files.pythonhosted.org/packages/87/bc/4d0b06fba0da90ccc75af62823cb9dcedb6c9ea0cffa058cb2c9ee773a77/numpy-2.5.2-cp314-cp314-win_arm64.whl", hash = "sha256:3e4c367352d3747784248a227fbec218e193b56f7e6692e3b64fc805478ecfdf", size = 10680414, upload-time = "2026-08-09T13:46:36.036Z" },
    { url = "https://files.pythonhosted.org/packages/14/2f/42921d27c40aea7e077f4a423ae509fd9220b028cd787bafefd8ab2b3a5f/numpy-2.5.2-cp314-cp314t-win32.whl", hash = "sha256:ddf47472af2e4280d79bac82304f5e80150211f1b9e614b760061d5fdfbb6eba", size = 6271085, upload-time = "2026-08-09T13:47:01.903Z" },
    { url = "https://files.pythonhosted.org/packages/75/e6/bad5f5d56de9b1971bac959963dda276d35c40f1854475005434bbe08692/numpy-2.5.2-cp314-cp314t-win_amd64.whl", hash = "sha256:44ef9675d908e65f9953063837c3277730f3f4437615a4cdab67b366cabaf884", size = 12787971, upload-time = "2026-08-09T13:47:04.963Z" },
    { url = "https://files.pythonhosted.org/packages/df/05/f608795cb34391acd67e38d94a3c36abd8d8576293a3a80727d7595c372c/numpy-2.5.2-cp314-cp314t-win_arm64.whl", hash = "sha256:eaa088384c46f519dacb93b7ec483a6d6b19a4a2085ae4f25ab9b1c43d387d1e", size = 10750306, upload-time = "2026-08-09T13:47:07.976Z" },
    { url = "https://files.pythonhosted.org/packages/a5/a4/68a321d825374f6eb677ffe8ef8c6b9a328304e6fd2e39d9530822776607/numpy-2.5.2-cp315-cp315-win32.whl", hash = "sha256:6b588cc8f902d6bff201c19fd00c43ab8545671e3554d014e12e14139e5e8617", size = 6120696, upload-time = "2026-08-09T13:47:38.561Z" },
    { url = "https://files.pythonhosted.org/packages/c8/23/deafbb1700f79fae9cd1e91220f133d124cc267de1b584da3fbf6db2f6cd/numpy-2.5.2-cp315-cp315-win_amd64.whl", hash = "sha256:07d4e89f3a9ab0a9ba24264ccdb642b3dd951b2281e8883a5481a4aa79cc31a7", size = 12597324, upload-time = "2026-08-09T13:47:41.401Z" },
    { url = "https://files.pythonhosted.org/packages/33/cd/3272ba105e3bbbdaeb11357eda31e7a6825ffe159e8171665660299a948f/numpy-2.5.2-cp315-cp315-win_arm64.whl", hash = "sha256:a610dc7e3c52edd39c2bc2375ff9c3fd59cb3ad00e4472d36f83bc1457145788", size = 10680466, upload-time = "2026-08-09T13:47:44.873Z" },
    { url = "https://files.pythonhosted.org/packages/42/06/6e11443f7b64ee376c860506091103bf68f92d2cab9e8d96d4501babf07c/numpy-2.5.2-cp315-cp315t-win32.whl", hash = "sha256:7354826bc6f8f69402e9b7fe28d15fcd34feebd74f856f111585c5b0c9fb0251", size = 6269775, upload-time = "2026-08-09T13:48:17.543Z" },
    { url = "https://files.pythonhosted.org/packages/f1/18/195d6b86cd72dbbc501edfa778005fa6b87afd34c153e46028cd3a0938f4/numpy-2.5.2-cp315-cp315t-win_amd64.whl", hash = "sha256:e5651f3f87add730ee6608d915009e19c911fba0cb000c7e3ea994b7d768eb12", size = 12782559, upload-time = "2026-08-09T13:48:21.023Z" },
    { url = "https://files.pythonhosted.org/packages/b4/07/458c344f0f0c178f4481dad5cca790626ffe4c34eabf9467069d06ee4999/numpy-2.5.2-cp315-cp315t-win_arm64.whl", hash = "sha256:5f8e00be2ec6f45f4e8a41a527f68d44a7d96fee92a650e4d8b1326f77f61e6e", size = 10748103, upload-time = "2026-08-09T13:48:24.21Z" },
]

[[package]]
name = "opencv-python-headless"
version = "5.0.0.93"
source = { registry = "https://pypi.org/simple" }
dependencies = [
    { name = "numpy", marker = "sys_platform == 'win32'" },
]
sdist = { url = "https://files.pythonhosted.org/packages/1d/99/76b7c80252aa83c1af16393454aafd125a0287101afe8deb0a6821af0e30/opencv_python_headless-5.0.0.93.tar.gz", hash = "sha256:b82f9831daab90b725c7c1ee1b36cb5732c367096ac76d119e64e14eb70d5f3c", size = 81817738, upload-time = "2026-07-02T07:01:06.039Z" }
wheels = [
    { url = "https://files.pythonhosted.org/packages/d0/8f/b8756467ea991449a293797f6b3fa80fcfdd29598a0a60d1cd5715b96e61/opencv_python_headless-5.0.0.93-cp37-abi3-win32.whl", hash = "sha256:c6bcd96b185975ea240d22cfdb15a1f6d080cc95264cfbe2621f21bb144d89b9", size = 35411237, upload-time = "2026-07-02T05:50:12.901Z" },
    { url = "https://files.pythonhosted.org/packages/b8/88/763b967f7efd7226b82c9fae16d560cba049b1f0c036647e65c610fd636e/opencv_python_headless-5.0.0.93-cp37-abi3-win_amd64.whl", hash = "sha256:829717b6a95554f273e49e357cee3b3a2a26b6f4842fbc1bed2b45bdd8f87e0e", size = 43825962, upload-time = "2026-07-02T05:50:09.627Z" },
]

[[package]]
name = "pillow"
version = "12.3.0"
source = { registry = "https://pypi.org/simple" }
sdist = { url = "https://files.pythonhosted.org/packages/1c/3d/bb7fca845737cf9d7dbde16ed1843984665ff2e0a518f5db43e77ec540b9/pillow-12.3.0.tar.gz", hash = "sha256:3b8182a766685eaa002637e28b4ec8d6b18819a0c71f579bf0dbaa5830297cce", size = 47025035, upload-time = "2026-07-01T11:56:38.965Z" }
wheels = [
    { url = "https://files.pythonhosted.org/packages/20/20/25e0f4dc178a6bc0696793720055519a0de89e7661dae886992decbd2f81/pillow-12.3.0-cp312-cp312-win32.whl", hash = "sha256:dbce0b29841537a2fa4a214c2bbf14de3587c9680caa9b4e217568472490b28f", size = 6472684, upload-time = "2026-07-01T11:54:19.839Z" },
    { url = "https://files.pythonhosted.org/packages/45/89/da2f7971a317f83d807fdd4065c0af40208e59e692cc43d315a71a0e96d1/pillow-12.3.0-cp312-cp312-win_amd64.whl", hash = "sha256:a2b55dd6b2a4c4b7d87ffa56bdb33fdc5fdb9a462173861a7bc097f17d91cb09", size = 7227137, upload-time = "2026-07-01T11:54:22.025Z" },
    { url = "https://files.pythonhosted.org/packages/de/47/4845a0a6c0dbf1db8456bd9fc791f13c5ced7ced20606d08a0aacfd25b49/pillow-12.3.0-cp312-cp312-win_arm64.whl", hash = "sha256:331b624368d4f1d069149002f25f44bc61c8919ce8ddb3c45bdad8f6e2d89510", size = 2568267, upload-time = "2026-07-01T11:54:24.051Z" },
    { url = "https://files.pythonhosted.org/packages/9d/ac/31fb64e1e7efb5a4b50cd3d92049ba89ac6e4d8d3bb6a74e15048ca3353e/pillow-12.3.0-cp313-cp313-ios_13_0_arm64_iphoneos.whl", hash = "sha256:21900ce7ba264168cd50defae43cd75d25c833ad4ad6e73ffc5596d12e25ac89", size = 4161684, upload-time = "2026-07-01T11:54:25.934Z" },
    { url = "https://files.pythonhosted.org/packages/87/b4/9805e23d2b4d77842b468513841fda254ee42f0289d25088340e4ff46e2d/pillow-12.3.0-cp313-cp313-ios_13_0_arm64_iphonesimulator.whl", hash = "sha256:4e8c2a84d977f50b9daed6eeaf3baef67d00d5d74d932288f02cb94518ee3ace", size = 4255487, upload-time = "2026-07-01T11:54:27.935Z" },
    { url = "https://files.pythonhosted.org/packages/df/39/ecf519435a200c693fe053a6ee4d835b41cf963a4dfc2551c4e637cb2a71/pillow-12.3.0-cp313-cp313-ios_13_0_x86_64_iphonesimulator.whl", hash = "sha256:ae26d61dfa7a47befdc7572b521024e8745f3d809bd95ca9505a7bba9ef849ec", size = 3696433, upload-time = "2026-07-01T11:54:29.813Z" },
    { url = "https://files.pythonhosted.org/packages/c9/f9/066794cca041b969964f779ee5fa66a9498bbf34248ac39c5d7954e4198f/pillow-12.3.0-cp313-cp313-win32.whl", hash = "sha256:a876864214e136f0eb367788dbd7df045f4806801518e2cfe9e13229cfe06d8f", size = 6473287, upload-time = "2026-07-01T11:54:44.9Z" },
    { url = "https://files.pythonhosted.org/packages/a6/9b/7a58e61d62be561da3a356fe2384d4059a6345fc130e23ef1c36a5b81d24/pillow-12.3.0-cp313-cp313-win_amd64.whl", hash = "sha256:1cca606cd25738df4ed873d5ad46bbdb3d83b5cbca291f6b4ff13a4df6b0bbe8", size = 7239691, upload-time = "2026-07-01T11:54:47.141Z" },
    { url = "https://files.pythonhosted.org/packages/aa/b0/c4ed4f0ef8f8fa5ee8351537db6650bb8189f7e118842978dd6589065692/pillow-12.3.0-cp313-cp313-win_arm64.whl", hash = "sha256:b629de27fda84b42cde7edef0d85f13b958b47f6e9bbcbba9b673c562a89bd8b", size = 2568185, upload-time = "2026-07-01T11:54:49.137Z" },
    { url = "https://files.pythonhosted.org/packages/dc/01/001f65b68192f0228cc1dbbc8d2530ab5d58b61037ba0587f946fea607cd/pillow-12.3.0-cp314-cp314-ios_13_0_arm64_iphoneos.whl", hash = "sha256:9cf95fe4d0f84c82d282745d9bb08ad9f926efa00be4697e767b814ce40d4330", size = 4161736, upload-time = "2026-07-01T11:54:51.156Z" },
    { url = "https://files.pythonhosted.org/packages/1a/d2/0219746d0fd16fc8a84498e79452375be3797d3ce4044596ce565164b84f/pillow-12.3.0-cp314-cp314-ios_13_0_arm64_iphonesimulator.whl", hash = "sha256:8728f216dcdb6e6d555cf971cb34076139ad74b31fc2c14da4fafc741c5f6217", size = 4255435, upload-time = "2026-07-01T11:54:53.414Z" },
    { url = "https://files.pythonhosted.org/packages/c8/02/8d0bc62ef0302318c46ff2a512822d2610e81c7aa46c9b3abe6cbaca5ad0/pillow-12.3.0-cp314-cp314-ios_13_0_x86_64_iphonesimulator.whl", hash = "sha256:a45650e8ce7fafffd731db8550230db6b0d306d181a90b67d3e6bca2f1990930", size = 3696262, upload-time = "2026-07-01T11:54:55.739Z" },
    { url = "https://files.pythonhosted.org/packages/a3/34/77f3f793fed8efc7d243f21b33c5a3f0d1c97ee70346d3db855587e155ff/pillow-12.3.0-cp314-cp314-win32.whl", hash = "sha256:af8d94b0db561cf68b88a267c5c44b49e134f525d0dc2cb7ed413a66bc23559a", size = 6467209, upload-time = "2026-07-01T11:55:10.408Z" },
    { url = "https://files.pythonhosted.org/packages/f1/e0/492879f69d94f91f60fc8cd05ba03650e9520afebb2fb7aa12777d7c7f38/pillow-12.3.0-cp314-cp314-win_amd64.whl", hash = "sha256:fdafc9cce40277e0f7a0feabce0ee50dd2fa1800f3b38015e51296b5e814048d", size = 7237707, upload-time = "2026-07-01T11:55:12.745Z" },
    { url = "https://files.pythonhosted.org/packages/c9/ac/6b11f2875f1c2ac040d84e1bbf9cf22a88038f901ca1037898b280b38365/pillow-12.3.0-cp314-cp314-win_arm64.whl", hash = "sha256:e91206ee562682b51b98ef4b26a6ef48fd84e15fd4c4bc5ec768eb641d206838", size = 2565995, upload-time = "2026-07-01T11:55:14.736Z" },
    { url = "https://files.pythonhosted.org/packages/23/26/fcb2f6e37175b04f53570b59937867e2b80ee1685e744023153028fc14f9/pillow-12.3.0-cp314-cp314t-win32.whl", hash = "sha256:4b0a7fe987b14c31ebda6083f74f22b561fd3739bc0ac51e019622e3d72668c7", size = 6474125, upload-time = "2026-07-01T11:55:30.956Z" },
    { url = "https://files.pythonhosted.org/packages/90/de/3634abee5f1c9e13c56787b7d5517b0ba8d6de51700b95578cf338349c9f/pillow-12.3.0-cp314-cp314t-win_amd64.whl", hash = "sha256:962864dc93511324d51ddbb5b9f8731bf71675b93ca612a07441896f4688fb8c", size = 7242939, upload-time = "2026-07-01T11:55:34.044Z" },
    { url = "https://files.pythonhosted.org/packages/ce/2a/fd13f8eb24de5714a6eb444a3d67e2842c6c576e159a43793adf23051351/pillow-12.3.0-cp314-cp314t-win_arm64.whl", hash = "sha256:0740a512dc522224c77d9aa5a8d70d8b7d73fb91f2c21125d8d025d3b8990e45", size = 2567506, upload-time = "2026-07-01T11:55:35.988Z" },
    { url = "https://files.pythonhosted.org/packages/5d/dc/8fdce34ec725a33c81c6ba122b904d6b9024e50ea9ac7bede62fab54506c/pillow-12.3.0-cp315-cp315-ios_13_0_arm64_iphoneos.whl", hash = "sha256:0feb2e9d6ad6c9e3c06effe9d00f3f1e618a6643273576b016f591e9315a7139", size = 4162063, upload-time = "2026-07-01T11:55:37.941Z" },
    { url = "https://files.pythonhosted.org/packages/76/66/2044b9a63d3b84ff048228dfcb7cd9bf0df983e8470971bf7d4c57b693de/pillow-12.3.0-cp315-cp315-ios_13_0_arm64_iphonesimulator.whl", hash = "sha256:9e881fca225083806662a5c43d627d215f258ff43c890f831966c7d7ba9c7402", size = 4255549, upload-time = "2026-07-01T11:55:40.022Z" },
    { url = "https://files.pythonhosted.org/packages/52/7e/1f67e6f4ece6b582ee4b539decbcc9f848dc245a93ed8cd7338bafef72f1/pillow-12.3.0-cp315-cp315-ios_13_0_x86_64_iphonesimulator.whl", hash = "sha256:4998562bf62a445225f22e07c896bb04b35b1b1f2eb6d760584c9c51d7a5f78c", size = 3696331, upload-time = "2026-07-01T11:55:41.98Z" },
    { url = "https://files.pythonhosted.org/packages/54/76/a09cc3ccc8d773a7283d34c38bec1708f9e3cc932093cbc4c5e71ac4060b/pillow-12.3.0-cp315-cp315-win32.whl", hash = "sha256:57b3d78c95ba9059768b10e28b813002261d3f3dfc55cc48b0c988f625175827", size = 6467375, upload-time = "2026-07-01T11:55:57.769Z" },
    { url = "https://files.pythonhosted.org/packages/3e/03/1846c49ba3b1d5550392a4bbd06d6fb4578e1cd91a803198b5c90f5f7d53/pillow-12.3.0-cp315-cp315-win_amd64.whl", hash = "sha256:fa4ecea169a355be7a3ade2c783e2ed12f0e40d2c5621cda8b3297faf7fbb9f5", size = 7237048, upload-time = "2026-07-01T11:55:59.975Z" },
    { url = "https://files.pythonhosted.org/packages/fb/bb/89f35dcc79610423f9f195504d7def7f0d1416a711541b42867e25fe3412/pillow-12.3.0-cp315-cp315-win_arm64.whl", hash = "sha256:877c3f311ff35410f690861c4409e7ccbf0cd2f878e50628a28e5a0bb689e658", size = 2566006, upload-time = "2026-07-01T11:56:02.143Z" },
    { url = "https://files.pythonhosted.org/packages/18/f0/a5595c1e8c3ae44b9828cb2f0fa8155e5095ef04d6327b8f61cf44a3df85/pillow-12.3.0-cp315-cp315t-win32.whl", hash = "sha256:1657923d2d45afb66526e5b933e5b3052e6bdea196c90d3abb2424e18c77dae8", size = 6474384, upload-time = "2026-07-01T11:56:18.855Z" },
    { url = "https://files.pythonhosted.org/packages/e4/04/62bcd9f844984c5938d3b05264a61d797a29d3e0812341a8204af70bbdee/pillow-12.3.0-cp315-cp315t-win_amd64.whl", hash = "sha256:8cd2f7bdda092d99c9fc2fb7391354f306d01443d22785d0cbfafa2e2c8bb418", size = 7243537, upload-time = "2026-07-01T11:56:21.214Z" },
    { url = "https://files.pythonhosted.org/packages/3d/68/1f3066acedf37673694a7141381d8f811ae97f30d34413d236abe7d489f1/pillow-12.3.0-cp315-cp315t-win_arm64.whl", hash = "sha256:06ff022112bc9cbf83b60f8e028d94ad87b60621706487e65f673de61610ab59", size = 2567491, upload-time = "2026-07-01T11:56:23.506Z" },
]

[[package]]
name = "pillow-heif"
version = "1.6.0"
source = { registry = "https://pypi.org/simple" }
dependencies = [
    { name = "pillow", marker = "sys_platform == 'win32'" },
]
sdist = { url = "https://files.pythonhosted.org/packages/6e/15/f29791ccff3b99e0e040b84642774662b498e4cb9f031c2dca1545c04a15/pillow_heif-1.6.0.tar.gz", hash = "sha256:5fb08da332fc44521611b646a3aa2f3455c14556c968a23723b76ec2ce8ade21", size = 17116904, upload-time = "2026-08-31T13:00:27.801Z" }
wheels = [
    { url = "https://files.pythonhosted.org/packages/06/50/1325fd1e74fe9345ada903d694f6de84f02ca6633f931b1389a7c1f48f8c/pillow_heif-1.6.0-cp312-cp312-win_amd64.whl", hash = "sha256:7b4e6e6b3936da5ff548f1c7a913bee066039c5eb001ec43bfd74b593efef7ea", size = 6576612, upload-time = "2026-08-31T12:59:05.35Z" },
    { url = "https://files.pythonhosted.org/packages/cc/de/45e39542332d482e6d54d04e409bba59110fa851e197f5a206804b4f2f33/pillow_heif-1.6.0-cp312-cp312-win_arm64.whl", hash = "sha256:a33d57fee589fc669c473c3349abd9b1a7b9e9b6c1e1b3d67a4930893dc9cbd3", size = 3841788, upload-time = "2026-08-31T12:59:06.984Z" },
    { url = "https://files.pythonhosted.org/packages/ef/36/9761aa4e64a289ad183e5d9e91b1325c94f56486ded15c3f52fc04624f4c/pillow_heif-1.6.0-cp313-cp313-win_amd64.whl", hash = "sha256:ed1e176cb73d245f58a2134129e8673023aefba89ff566fd65467048e4390ad5", size = 6576609, upload-time = "2026-08-31T12:59:19.916Z" },
    { url = "https://files.pythonhosted.org/packages/c0/ed/50628cc0340c13a3af4e9288cab3e0046f2968167a4dbf183ac31d859229/pillow_heif-1.6.0-cp313-cp313-win_arm64.whl", hash = "sha256:d3f57ad5c0c8f35c6d72edec55316fa8d832c1657428a92c9ef29c5e3a39b1a0", size = 3841784, upload-time = "2026-08-31T12:59:21.436Z" },
    { url = "https://files.pythonhosted.org/packages/68/79/e8c629ed0602c8060e937fe13b9490e42a1ac4868d9b11e1506d40cda6d2/pillow_heif-1.6.0-cp314-cp314-win_amd64.whl", hash = "sha256:cfe6bc699e3f5e1ebdf8cd253dde4d79278ce9d64c0a3a3824786d967c1cba29", size = 6755059, upload-time = "2026-08-31T12:59:33.81Z" },
    { url = "https://files.pythonhosted.org/packages/50/d5/58fa1c211eadafd1a3394a372f833193bbb778ec41364256a28792491f1e/pillow_heif-1.6.0-cp314-cp314-win_arm64.whl", hash = "sha256:460d8ba81da35a6da83a31f888e6590a7984ab78ab5c75bf48875e0f0b6cc8bd", size = 4049683, upload-time = "2026-08-31T12:59:35.394Z" },
    { url = "https://files.pythonhosted.org/packages/44/7a/b796f0fae7deae69b8505940311d060b25d08e685dc4bfa7c8d45f947b64/pillow_heif-1.6.0-cp314-cp314t-win_amd64.whl", hash = "sha256:e1bde55faaa9106ed9746ca41150b87cc549bd37ebfd840be9aa81feb9ba3486", size = 6755723, upload-time = "2026-08-31T12:59:47.924Z" },
    { url = "https://files.pythonhosted.org/packages/6f/a8/b87292ec95da7996a1a7ae848e025bb27573b1e7631d722d4c2d7f3380f8/pillow_heif-1.6.0-cp314-cp314t-win_arm64.whl", hash = "sha256:005ebcbdf1dac09a9f03352bfa4a325db631e42e17b5affb7d44e73bbebf789a", size = 4050189, upload-time = "2026-08-31T12:59:49.656Z" },
    { url = "https://files.pythonhosted.org/packages/f2/b0/649d629c140de18f51779d995503bad3a944525607d96a3cdbc74c9ae1f0/pillow_heif-1.6.0-cp315-cp315-win_amd64.whl", hash = "sha256:7ac0601848596b97f2ffb6c954c581c5b97ad599d6af7739630eb45c8d540554", size = 6755059, upload-time = "2026-08-31T13:00:01.806Z" },
    { url = "https://files.pythonhosted.org/packages/c7/1e/b786330febcd22b4482a059a83590ae24d43214256298dc26f8a643ec639/pillow_heif-1.6.0-cp315-cp315-win_arm64.whl", hash = "sha256:497dd5a366d42f36468cc999f9d095ddada167a19bc922866349d2df74448073", size = 4049676, upload-time = "2026-08-31T13:00:03.433Z" },
    { url = "https://files.pythonhosted.org/packages/ec/8c/0681ce62e7bea338a3628b5f01f41d295164a000208eb3542b51f5f54a2a/pillow_heif-1.6.0-cp315-cp315t-win_amd64.whl", hash = "sha256:588ec4ba2a70291d38f20f3bd30cc4805764af7a27e9429b16687568a9257728", size = 6755707, upload-time = "2026-08-31T13:00:15.963Z" },
    { url = "https://files.pythonhosted.org/packages/bc/8e/39cf592c18acdd002e72386124bab8bd8d754a769846ac71cd2c1679028b/pillow_heif-1.6.0-cp315-cp315t-win_arm64.whl", hash = "sha256:2d6ac2d52effce3a575f506d956b28a8a8842c905ef99134371c4d19a19e923e", size = 4050187, upload-time = "2026-08-31T13:00:17.601Z" },
]

[[package]]
name = "pyside6"
version = "6.11.2"
source = { registry = "https://pypi.org/simple" }
dependencies = [
    { name = "pyside6-addons", marker = "sys_platform == 'win32'" },
    { name = "pyside6-essentials", marker = "sys_platform == 'win32'" },
    { name = "shiboken6", marker = "sys_platform == 'win32'" },
]
wheels = [
    { url = "https://files.pythonhosted.org/packages/94/fe/4aea9d30300fff4cda9bb729c1363b9e1095a8544e0d6b57065465e16599/pyside6-6.11.2-cp310-abi3-win_amd64.whl", hash = "sha256:3201d67e3c10be2eaedd3910ff0f02351eca7e88c95a291cde5e7f2f55ef207f", size = 578382, upload-time = "2026-08-18T06:37:34.385Z" },
    { url = "https://files.pythonhosted.org/packages/26/b0/8e2fb01e9ee15ad29fe10d0dd2d37f503e4aa3714c9fbb07aca380618de7/pyside6-6.11.2-cp310-abi3-win_arm64.whl", hash = "sha256:0444ac71d0791a19bded35f6d9a94515941f23a6eb7098ca45a1b64a338be697", size = 561768, upload-time = "2026-08-18T06:37:36.437Z" },
]

[[package]]
name = "pyside6-addons"
version = "6.11.2"
source = { registry = "https://pypi.org/simple" }
dependencies = [
    { name = "pyside6-essentials", marker = "sys_platform == 'win32'" },
    { name = "shiboken6", marker = "sys_platform == 'win32'" },
]
wheels = [
    { url = "https://files.pythonhosted.org/packages/fb/c1/08bf6594101b42fc88834009f1dac59a983c5b6805c62c5081f077d09b4a/pyside6_addons-6.11.2-cp310-abi3-win_amd64.whl", hash = "sha256:f449ea4431da20e7b86752cca8d166f93434516fe417f981c27e5f8e1b554407", size = 168208836, upload-time = "2026-08-18T06:36:07.295Z" },
    { url = "https://files.pythonhosted.org/packages/26/60/e4b7f09343e9f29e565f488fb44c4f1fe260db481ba2c08ad8a1a7d48216/pyside6_addons-6.11.2-cp310-abi3-win_arm64.whl", hash = "sha256:d5606af369484b862b4d5741cfc179e19d2b8819c3e04d210b8188e0c9f85988", size = 35807245, upload-time = "2026-08-18T06:36:12.485Z" },
]

[[package]]
name = "pyside6-essentials"
version = "6.11.2"
source = { registry = "https://pypi.org/simple" }
dependencies = [
    { name = "shiboken6", marker = "sys_platform == 'win32'" },
]
wheels = [
    { url = "https://files.pythonhosted.org/packages/dc/09/d2662684aee4d3f027ff9b1e965f22301bc28ffc5b7f167658508e4475dc/pyside6_essentials-6.11.2-cp310-abi3-win_amd64.whl", hash = "sha256:c8a29def77032773a30879f7f24415b5395ad08592d147c170824ef4c735dfc1", size = 76913043, upload-time = "2026-08-18T06:36:54.038Z" },
    { url = "https://files.pythonhosted.org/packages/cd/87/4dd2a6468cea600da1fcf9c7f02bc248eeaa98cdc75658e48e669d95326a/pyside6_essentials-6.11.2-cp310-abi3-win_arm64.whl", hash = "sha256:fadd75c5c20800d64dd0a586ea8cb337c5e630aa2246df0e5105738afa46e02c", size = 58125520, upload-time = "2026-08-18T06:36:59.073Z" },
]

[[package]]
name = "rawpy"
version = "0.27.1"
source = { registry = "https://pypi.org/simple" }
dependencies = [
    { name = "numpy", marker = "sys_platform == 'win32'" },
]
sdist = { url = "https://files.pythonhosted.org/packages/f3/ae/c1c7816ed3f3cbf7ca284a37371243500f4eb39b6a32f7368b585c4ef5c4/rawpy-0.27.1.tar.gz", hash = "sha256:3194d64ff690ac945e1a43237edae8a18f1f493751924de1ae2bcef473c0fb79", size = 561347, upload-time = "2026-08-30T04:54:07.956Z" }
wheels = [
    { url = "https://files.pythonhosted.org/packages/88/62/d8fd73cc9220809563b66e94255cb7dabf921fd41d6ad767b7ac4f0d8222/rawpy-0.27.1-cp312-cp312-win_amd64.whl", hash = "sha256:e9d9c83cd0422e84b2052a02eb9d612839ac68dfae4d6d3751740e08024599b1", size = 921403, upload-time = "2026-08-30T04:53:40.106Z" },
    { url = "https://files.pythonhosted.org/packages/85/61/b5c123ed909ea84a33cf2a9dd235e58279b3318b9deca189b73a6c1b6319/rawpy-0.27.1-cp312-cp312-win_arm64.whl", hash = "sha256:74be7654be9bbb19c3d1b86159d6d59f00811f2196e7296d589d3d9002d56274", size = 885959, upload-time = "2026-08-30T04:53:42.119Z" },
    { url = "https://files.pythonhosted.org/packages/49/b3/bcf334c428ae3fdcf333b2df8cc11d347960f51feb333dac12621f714588/rawpy-0.27.1-cp313-cp313-win_amd64.whl", hash = "sha256:1d2d32bfe7df6421f214f0502d34bd599ce53156401928c4f538336f2f8b3689", size = 921058, upload-time = "2026-08-30T04:53:49.179Z" },
    { url = "https://files.pythonhosted.org/packages/c9/0e/dbc6eb06965a5b79f2505cce53b28cf37cc1cf9fe4ee133dfd6922b8dad8/rawpy-0.27.1-cp313-cp313-win_arm64.whl", hash = "sha256:0d76fc7be99bfea5b875041b4346f642f33f0af1f29b9035f563af73561a5e85", size = 885636, upload-time = "2026-08-30T04:53:50.853Z" },
    { url = "https://files.pythonhosted.org/packages/4b/3c/db96d86964fb7318c082b855dc7eaa94c31f3e16a85aee2146a4ed4ae947/rawpy-0.27.1-cp314-cp314-win_amd64.whl", hash = "sha256:b188bbc23dc4497efea94a610ac278aaba81930e090dcb019f20d8c752f6063e", size = 949401, upload-time = "2026-08-30T04:53:57.807Z" },
    { url = "https://files.pythonhosted.org/packages/1a/81/85ea96221ba48aefd1ff0039c59247830d4b8ae1ca075131634dd4a54890/rawpy-0.27.1-cp314-cp314-win_arm64.whl", hash = "sha256:738372937081fe1ab52e78b009528e7605712ce138dc1207059c3c77d00b9863", size = 922286, upload-time = "2026-08-30T04:53:59.701Z" },
]

[[package]]
name = "resvg-py"
version = "0.5.0"
source = { registry = "https://pypi.org/simple" }
sdist = { url = "https://files.pythonhosted.org/packages/2a/64/a24f8f29d8bf158e01f6ccad68a1366afd922dc0f0977cbd0c0aaa7a22f2/resvg_py-0.5.0.tar.gz", hash = "sha256:6d3bf8e866b4e129524d9432a809138b2d100931d8d635bc81294002abcdfd46", size = 1756395, upload-time = "2026-08-24T19:43:27.663Z" }
wheels = [
    { url = "https://files.pythonhosted.org/packages/dc/20/a7d7371a4104fd733702b942c396fd898510431ee3a1d2f7b4462da65117/resvg_py-0.5.0-cp310-abi3-win32.whl", hash = "sha256:45b2e66f76e7649155dc768c3cd1f5a94907d0086c2bde22da14c9ecbf9eda9a", size = 1204672, upload-time = "2026-08-24T19:42:30.191Z" },
    { url = "https://files.pythonhosted.org/packages/fe/53/aa8f92ce6eb2f97095d8b6359a1613c5a5ee0aa9b1a33434df9294362979/resvg_py-0.5.0-cp310-abi3-win_amd64.whl", hash = "sha256:1f6b8956c4143dbfe107bcd35799d0dfd778a40a8cd537893c0bf489898a6c3c", size = 1242277, upload-time = "2026-08-24T19:42:31.42Z" },
    { url = "https://files.pythonhosted.org/packages/56/64/e63614663df1404999802e82d462ffa534999c126067257bfba7d1de590c/resvg_py-0.5.0-cp310-abi3-win_arm64.whl", hash = "sha256:8016e2006c09953570af466e7674c398c1f255cb00022152b15e18f9e8ca3af8", size = 1153784, upload-time = "2026-08-24T19:42:32.607Z" },
    { url = "https://files.pythonhosted.org/packages/10/9d/8dc520a62512f309bc74dddee8309d8a940ae1ee80317825b5ef705d3b4e/resvg_py-0.5.0-cp314-cp314t-win32.whl", hash = "sha256:c7fad8f8c28e770da8783dc429bfa0d71f2abe740be2f8d726308a669a392919", size = 1204113, upload-time = "2026-08-24T19:42:49.398Z" },
    { url = "https://files.pythonhosted.org/packages/a2/0b/8edd6a94ed6c9d8306008c277c0e5f0d74df87cd2109eaff86ded437fcad/resvg_py-0.5.0-cp314-cp314t-win_amd64.whl", hash = "sha256:b0284c50c7e3b009e97e5c64a2d31e02b8bb36cd066d947fda9e43f480ca19f7", size = 1240324, upload-time = "2026-08-24T19:42:50.87Z" },
    { url = "https://files.pythonhosted.org/packages/76/78/bdeb2fc44497c53c9f53e05acf58a571dc2589465031e37b9de8c0e57044/resvg_py-0.5.0-cp314-cp314t-win_arm64.whl", hash = "sha256:5c026b67b79604f32865e132ef68ff25633b8668e35b29ad412fcef906c0c39a", size = 1152505, upload-time = "2026-08-24T19:42:52.06Z" },
    { url = "https://files.pythonhosted.org/packages/bb/af/28e4758e087c6d3a3e691ecd67fd1304074b9bca4b5f1563ab6d1336a6a4/resvg_py-0.5.0-cp315-abi3.abi3t-win32.whl", hash = "sha256:f0c834262db96eac4d5767e1025c21efefa0ed0359bded8dfd4b79fc7549694f", size = 1204143, upload-time = "2026-08-24T19:43:09.706Z" },
    { url = "https://files.pythonhosted.org/packages/73/5c/5b0e68ce15bd87eaee64501427437f57bece008e15bf40dd759563f0038a/resvg_py-0.5.0-cp315-abi3.abi3t-win_amd64.whl", hash = "sha256:011111a4c3f46d409e989fe88ec783a3ffae1f3877092ab0351aaf2167fe399d", size = 1240349, upload-time = "2026-08-24T19:43:11.397Z" },
    { url = "https://files.pythonhosted.org/packages/62/e6/25b6616cebbce1412bb5fe8b037545f382b4da875bc614a97ff1ecd7aa28/resvg_py-0.5.0-cp315-abi3.abi3t-win_arm64.whl", hash = "sha256:66e5a7699f2b00024ed7e95ec53df05bb3da277ee5bc86f867d487e310e4d392", size = 1152399, upload-time = "2026-08-24T19:43:12.618Z" },
]

[[package]]
name = "shiboken6"
version = "6.11.2"
source = { registry = "https://pypi.org/simple" }
wheels = [
    { url = "https://files.pythonhosted.org/packages/ce/6b/fee1b4814317e4664e318644c9c007676c65a71e5b2b9d3ac4121a94dc0a/shiboken6-6.11.2-cp310-abi3-win_amd64.whl", hash = "sha256:6ab0eba1c904455df621f9a6df3ca2bb896bab8670572d2bc4e37804ae91f19a", size = 1226578, upload-time = "2026-08-18T06:37:18.002Z" },
    { url = "https://files.pythonhosted.org/packages/4d/b5/80c4e5aafeb8ac777cf5a1becfe87ac7197c35051df00b5f7819787e09d5/shiboken6-6.11.2-cp310-abi3-win_arm64.whl", hash = "sha256:97c49432488df958f0308736f3d15b6915d8826fc380af17bb4b9ec5c4a5e81b", size = 1784669, upload-time = "2026-08-18T06:37:21.046Z" },
]
